// !$*UTF8*$!
{
	archiveVersion = 1;
	classes = {
	};
	objectVersion = 46;
	objects = {

/* Begin PBXBuildFile section */
		F276499B1CAC564A006A6198 /* AppDelegate.swift in Sources */ = {isa = PBXBuildFile; fileRef = F276499A1CAC564A006A6198 /* AppDelegate.swift */; };
		F276499D1CAC564A006A6198 /* ViewController.swift in Sources */ = {isa = PBXBuildFile; fileRef = F276499C1CAC564A006A6198 /* ViewController.swift */; };
		F27649A01CAC564A006A6198 /* Main.storyboard in Resources */ = {isa = PBXBuildFile; fileRef = F276499E1CAC564A006A6198 /* Main.storyboard */; };
		F27649A21CAC564A006A6198 /* Assets.xcassets in Resources */ = {isa = PBXBuildFile; fileRef = F27649A11CAC564A006A6198 /* Assets.xcassets */; };
		F27649A51CAC564A006A6198 /* LaunchScreen.storyboard in Resources */ = {isa = PBXBuildFile; fileRef = F27649A31CAC564A006A6198 /* LaunchScreen.storyboard */; };
		F27649AD1CAC566C006A6198 /* Keyboard.xib in Resources */ = {isa = PBXBuildFile; fileRef = F27649AC1CAC566C006A6198 /* Keyboard.xib */; };
		F27649AF1CAC56FE006A6198 /* Keyboard.swift in Sources */ = {isa = PBXBuildFile; fileRef = F27649AE1CAC56FE006A6198 /* Keyboard.swift */; };
/* End PBXBuildFile section */

/* Begin PBXFileReference section */
		F27649971CAC564A006A6198 /* Numbers Keyboard.app */ = {isa = PBXFileReference; explicitFileType = wrapper.application; includeInIndex = 0; path = "Numbers Keyboard.app"; sourceTree = BUILT_PRODUCTS_DIR; };
		F276499A1CAC564A006A6198 /* AppDelegate.swift */ = {isa = PBXFileReference; lastKnownFileType = sourcecode.swift; path = AppDelegate.swift; sourceTree = "<group>"; };
		F276499C1CAC564A006A6198 /* ViewController.swift */ = {isa = PBXFileReference; lastKnownFileType = sourcecode.swift; path = ViewController.swift; sourceTree = "<group>"; };
		F276499F1CAC564A006A6198 /* Base */ = {isa = PBXFileReference; lastKnownFileType = file.storyboard; name = Base; path = Base.lproj/Main.storyboard; sourceTree = "<group>"; };
		F27649A11CAC564A006A6198 /* Assets.xcassets */ = {isa = PBXFileReference; lastKnownFileType = folder.assetcatalog; path = Assets.xcassets; sourceTree = "<group>"; };
		F27649A41CAC564A006A6198 /* Base */ = {isa = PBXFileReference; lastKnownFileType = file.storyboard; name = Base; path = Base.lproj/LaunchScreen.storyboard; sourceTree = "<group>"; };
		F27649A61CAC564A006A6198 /* Info.plist */ = {isa = PBXFileReference; lastKnownFileType = text.plist.xml; path = Info.plist; sourceTree = "<group>"; };
		F27649AC1CAC566C006A6198 /* Keyboard.xib */ = {isa = PBXFileReference; fileEncoding = 4; lastKnownFileType = file.xib; name = Keyboard.xib; path = ../Keyboard.xib; sourceTree = "<group>"; };
		F27649AE1CAC56FE006A6198 /* Keyboard.swift */ = {isa = PBXFileReference; fileEncoding = 4; lastKnownFileType = sourcecode.swift; name = Keyboard.swift; path = ../Keyboard.swift; sourceTree = "<group>"; };
/* End PBXFileReference section */

/* Begin PBXFrameworksBuildPhase section */
		F27649941CAC564A006A6198 /* Frameworks */ = {
			isa = PBXFrameworksBuildPhase;
			buildActionMask = 2147483647;
			files = (
			);
			runOnlyForDeploymentPostprocessing = 0;
		};
/* End PBXFrameworksBuildPhase section */

/* Begin PBXGroup section */
		F276498E1CAC564A006A6198 = {
			isa = PBXGroup;
			children = (
				F27649991CAC564A006A6198 /* Numbers Keyboard */,
				F27649981CAC564A006A6198 /* Products */,
			);
			sourceTree = "<group>";
		};
		F27649981CAC564A006A6198 /* Products */ = {
			isa = PBXGroup;
			children = (
				F27649971CAC564A006A6198 /* Numbers Keyboard.app */,
			);
			name = Products;
			sourceTree = "<group>";
		};
		F27649991CAC564A006A6198 /* Numbers Keyboard */ = {
			isa = PBXGroup;
			children = (
				F27649AC1CAC566C006A6198 /* Keyboard.xib */,
				F27649AE1CAC56FE006A6198 /* Keyboard.swift */,
				F276499A1CAC564A006A6198 /* AppDelegate.swift */,
				F276499C1CAC564A006A6198 /* ViewController.swift */,
				F276499E1CAC564A006A6198 /* Main.storyboard */,
				F27649A11CAC564A006A6198 /* Assets.xcassets */,
				F27649A31CAC564A006A6198 /* LaunchScreen.storyboard */,
				F27649A61CAC564A006A6198 /* Info.plist */,
			);
			path = "Numbers Keyboard";
			sourceTree = "<group>";
		};
/* End PBXGroup section */

/* Begin PBXNativeTarget section */
		F27649961CAC564A006A6198 /* Numbers Keyboard */ = {
			isa = PBXNativeTarget;
			buildConfigurationList = F27649A91CAC564A006A6198 /* Build configuration list for PBXNativeTarget "Numbers Keyboard" */;
			buildPhases = (
				F27649931CAC564A006A6198 /* Sources */,
				F27649941CAC564A006A6198 /* Frameworks */,
				F27649951CAC564A006A6198 /* Resources */,
			);
			buildRules = (
			);
			dependencies = (
			);
			name = "Numbers Keyboard";
			productName = "Numbers Keyboard";
			productReference = F27649971CAC564A006A6198 /* Numbers Keyboard.app */;
			productType = "com.apple.product-type.application";
		};
/* End PBXNativeTarget section */

/* Begin PBXProject section */
		F276498F1CAC564A006A6198 /* Project object */ = {
			isa = PBXProject;
			attributes = {
				LastSwiftUpdateCheck = 0730;
				LastUpgradeCheck = 0730;
				ORGANIZATIONNAME = "Zombie Koala";
				TargetAttributes = {
					F27649961CAC564A006A6198 = {
						CreatedOnToolsVersion = 7.3;
					};
				};
			};
			buildConfigurationList = F27649921CAC564A006A6198 /* Build configuration list for PBXProject "Numbers Keyboard" */;
			compatibilityVersion = "Xcode 3.2";
			developmentRegion = English;
			hasScannedForEncodings = 0;
			knownRegions = (
				en,
				Base,
			);
			mainGroup = F276498E1CAC564A006A6198;
			productRefGroup = F27649981CAC564A006A6198 /* Products */;
			projectDirPath = "";
			projectRoot = "";
			targets = (
				F27649961CAC564A006A6198 /* Numbers Keyboard */,
			);
		};
/* End PBXProject section */

/* Begin PBXResourcesBuildPhase section */
		F27649951CAC564A006A6198 /* Resources */ = {
			isa = PBXResourcesBuildPhase;
			buildActionMask = 2147483647;
			files = (
				F27649A51CAC564A006A6198 /* LaunchScreen.storyboard in Resources */,
				F27649A21CAC564A006A6198 /* Assets.xcassets in Resources */,
				F27649AD1CAC566C006A6198 /* Keyboard.xib in Resources */,
				F27649A01CAC564A006A6198 /* Main.storyboard in Resources */,
			);
			runOnlyForDeploymentPostprocessing = 0;
		};
/* End PBXResourcesBuildPhase section */

/* Begin PBXSourcesBuildPhase section */
		F27649931CAC564A006A6198 /* Sources */ = {
			isa = PBXSourcesBuildPhase;
			buildActionMask = 2147483647;
			files = (
				F276499D1CAC564A006A6198 /* ViewController.swift in Sources */,
				F27649AF1CAC56FE006A6198 /* Keyboard.swift in Sources */,
				F276499B1CAC564A006A6198 /* AppDelegate.swift in Sources */,
			);
			runOnlyForDeploymentPostprocessing = 0;
		};
/* End PBXSourcesBuildPhase section */

/* Begin PBXVariantGroup section */
		F276499E1CAC564A006A6198 /* Main.storyboard */ = {
			isa = PBXVariantGroup;
			children = (
				F276499F1CAC564A006A6198 /* Base */,
			);
			name = Main.storyboard;
			sourceTree = "<group>";
		};
		F27649A31CAC564A006A6198 /* LaunchScreen.storyboard */ = {
			isa = PBXVariantGroup;
			children = (
				F27649A41CAC564A006A6198 /* Base */,
			);
			name = LaunchScreen.storyboard;
			sourceTree = "<group>";
		};
/* End PBXVariantGroup section */

/* Begin XCBuildConfiguration section */
		F27649A71CAC564A006A6198 /* Debug */ = {
			isa = XCBuildConfiguration;
			buildSettings = {
				ALWAYS_SEARCH_USER_PATHS = NO;
				CLANG_ANALYZER_NONNULL = YES;
				CLANG_CXX_LANGUAGE_STANDARD = "gnu++0x";
				CLANG_CXX_LIBRARY = "libc++";
				CLANG_ENABLE_MODULES = YES;
				CLANG_ENABLE_OBJC_ARC = YES;
				CLANG_WARN_BOOL_CONVERSION = YES;
				CLANG_WARN_CONSTANT_CONVERSION = YES;
				CLANG_WARN_DIRECT_OBJC_ISA_USAGE = YES_ERROR;
				CLANG_WARN_EMPTY_BODY = YES;
				CLANG_WARN_ENUM_CONVERSION = YES;
				CLANG_WARN_INT_CONVERSION = YES;
				CLANG_WARN_OBJC_ROOT_CLASS = YES_ERROR;
				CLANG_WARN_UNREACHABLE_CODE = YES;
				CLANG_WARN__DUPLICATE_METHOD_MATCH = YES;
				"CODE_SIGN_IDENTITY[sdk=iphoneos*]" = "iPhone Developer";
				COPY_PHASE_STRIP = NO;
				DEBUG_INFORMATION_FORMAT = dwarf;
				ENABLE_STRICT_OBJC_MSGSEND = YES;
				ENABLE_TESTABILITY = YES;
				GCC_C_LANGUAGE_STANDARD = gnu99;
				GCC_DYNAMIC_NO_PIC = NO;
				GCC_NO_COMMON_BLOCKS = YES;
				GCC_OPTIMIZATION_LEVEL = 0;
				GCC_PREPROCESSOR_DEFINITIONS = (
					"DEBUG=1",
					"$(inherited)",
				);
				GCC_WARN_64_TO_32_BIT_CONVERSION = YES;
				GCC_WARN_ABOUT_RETURN_TYPE = YES_ERROR;
				GCC_WARN_UNDECLARED_SELECTOR = YES;
				GCC_WARN_UNINITIALIZED_AUTOS = YES_AGGRESSIVE;
				GCC_WARN_UNUSED_FUNCTION = YES;
				GCC_WARN_UNUSED_VARIABLE = YES;
				IPHONEOS_DEPLOYMENT_TARGET = 9.3;
				MTL_ENABLE_DEBUG_INFO = YES;
				ONLY_ACTIVE_ARCH = YES;
				SDKROOT = iphoneos;
				SWIFT_OPTIMIZATION_LEVEL = "-Onone";
				TARGETED_DEVICE_FAMILY = "1,2";
			};
			name = Debug;
		};
		F27649A81CAC564A006A6198 /* Release */ = {
			isa = XCBuildConfiguration;
			buildSettings = {
				ALWAYS_SEARCH_USER_PATHS = NO;
				CLANG_ANALYZER_NONNULL = YES;
				CLANG_CXX_LANGUAGE_STANDARD = "gnu++0x";
				CLANG_CXX_LIBRARY = "libc++";
				CLANG_ENABLE_MODULES = YES;
				CLANG_ENABLE_OBJC_ARC = YES;
				CLANG_WARN_BOOL_CONVERSION = YES;
				CLANG_WARN_CONSTANT_CONVERSION = YES;
				CLANG_WARN_DIRECT_OBJC_ISA_USAGE = YES_ERROR;
				CLANG_WARN_EMPTY_BODY = YES;
				CLANG_WARN_ENUM_CONVERSION = YES;
				CLANG_WARN_INT_CONVERSION = YES;
				CLANG_WARN_OBJC_ROOT_CLASS = YES_ERROR;
				CLANG_WARN_UNREACHABLE_CODE = YES;
				CLANG_WARN__DUPLICATE_METHOD_MATCH = YES;
				"CODE_SIGN_IDENTITY[sdk=iphoneos*]" = "iPhone Developer";
				COPY_PHASE_STRIP = NO;
				DEBUG_INFORMATION_FORMAT = "dwarf-with-dsym";
				ENABLE_NS_ASSERTIONS = NO;
				ENABLE_STRICT_OBJC_MSGSEND = YES;
				GCC_C_LANGUAGE_STANDARD = gnu99;
				GCC_NO_COMMON_BLOCKS = YES;
				GCC_WARN_64_TO_32_BIT_CONVERSION = YES;
				GCC_WARN_ABOUT_RETURN_TYPE = YES_ERROR;
				GCC_WARN_UNDECLARED_SELECTOR = YES;
				GCC_WARN_UNINITIALIZED_AUTOS = YES_AGGRESSIVE;
				GCC_WARN_UNUSED_FUNCTION = YES;
				GCC_WARN_UNUSED_VARIABLE = YES;
				IPHONEOS_DEPLOYMENT_TARGET = 9.3;
				MTL_ENABLE_DEBUG_INFO = NO;
				SDKROOT = iphoneos;
				TARGETED_DEVICE_FAMILY = "1,2";
				VALIDATE_PRODUCT = YES;
			};
			name = Release;
		};
		F27649AA1CAC564A006A6198 /* Debug */ = {
			isa = XCBuildConfiguration;
			buildSettings = {
				ASSETCATALOG_COMPILER_APPICON_NAME = AppIcon;
				INFOPLIST_FILE = "Numbers Keyboard/Info.plist";
				LD_RUNPATH_SEARCH_PATHS = "$(inherited) @executable_path/Frameworks";
				PRODUCT_BUNDLE_IDENTIFIER = "com.zombiekoala.Numbers-Keyboard";
				PRODUCT_NAME = "$(TARGET_NAME)";
			};
			name = Debug;
		};
		F27649AB1CAC564A006A6198 /* Release */ = {
			isa = XCBuildConfiguration;
			buildSettings = {
				ASSETCATALOG_COMPILER_APPICON_NAME = AppIcon;
				INFOPLIST_FILE = "Numbers Keyboard/Info.plist";
				LD_RUNPATH_SEARCH_PATHS = "$(inherited) @executable_path/Frameworks";
				PRODUCT_BUNDLE_IDENTIFIER = "com.zombiekoala.Numbers-Keyboard";
				PRODUCT_NAME = "$(TARGET_NAME)";
			};
			name = Release;
		};
/* End XCBuildConfiguration section */

/* Begin XCConfigurationList section */
		F27649921CAC564A006A6198 /* Build configuration list for PBXProject "Numbers Keyboard" */ = {
			isa = XCConfigurationList;
			buildConfigurations = (
				F27649A71CAC564A006A6198 /* Debug */,
				F27649A81CAC564A006A6198 /* Release */,
			);
			defaultConfigurationIsVisible = 0;
			defaultConfigurationName = Release;
		};
		F27649A91CAC564A006A6198 /* Build configuration list for PBXNativeTarget "Numbers Keyboard" */ = {
			isa = XCConfigurationList;
			buildConfigurations = (
				F27649AA1CAC564A006A6198 /* Debug */,
				F27649AB1CAC564A006A6198 /* Release */,
			);
			defaultConfigurationIsVisible = 0;
		};
/* End XCConfigurationList section */
	};
	rootObject = F276498F1CAC564A006A6198 /* Project object */;
}
